{
  "name": "userlogg",
  "version": "0.1.0",
  "lockfileVersion": 1,
  "requires": true,
  "dependencies": {
    "aarketype": {
      "version": "0.1.5",
      "resolved": "https://registry.npmjs.org/aarketype/-/aarketype-0.1.5.tgz",
      "integrity": "sha512-SkUg+IwRH0CTLDJrjZKrLqHkMpLhByVU79HfupAD5iKWFagc9n49WYJHFBCQQexmovWtb4Q/UtiOxHZ4xEWvZg==",
      "requires": {
        "ffield": "^0.2.4"
      }
    },
    "ffield": {
      "version": "0.2.5",
      "resolved": "https://registry.npmjs.org/ffield/-/ffield-0.2.5.tgz",
      "integrity": "sha512-EvWZ7D+nPoMvsJQ7z1yIyTWNDSyT9Cpeiiee5gWkUutP8oz2c+Qm+3YhiFrX7wHCdcApmsWZSVS3dEv+HNjnMA=="
    }
  }
}
