{
  "name": "@x-logg/userlogg-mongo",
  "version": "0.1.0",
  "lockfileVersion": 1,
  "requires": true,
  "dependencies": {
    "@x-logg/util": {
      "version": "0.1.0",
      "resolved": "https://registry.npmjs.org/@x-logg/util/-/util-0.1.0.tgz",
      "integrity": "sha512-Ewyf24g40V8lC5J3kxiziYzprrtZpitJmncR3dXhsGQUh8PdQ8H/jGlpWrVwQypBAQY6v4A0ah1IlEkQJaWkmg=="
    }
  }
}
